
Microsoft Visual Studio Solution File, Format Version 12.00
# Visual Studio Version 17
VisualStudioVersion = 17.12.35527.113
MinimumVisualStudioVersion = 10.0.40219.1
Project("{2150E333-8FDC-42A3-9474-1A3956D46DE8}") = "src", "src", "{87DC79F7-0D7D-4D85-97F4-130FD07E5A07}"
EndProject
Project("{2150E333-8FDC-42A3-9474-1A3956D46DE8}") = "test", "test", "{63FBE73F-3639-445D-A293-D41755D0C1AD}"
EndProject
Project("{FAE04EC0-301F-11D3-BF4B-00C04F79EFBC}") = "FilesToClip", "src\FilesToClip\FilesToClip.csproj", "{55E274B3-520D-4FBC-ADF4-DD89D119DCE5}"
EndProject
Project("{FAE04EC0-301F-11D3-BF4B-00C04F79EFBC}") = "FilesToClip.Tests", "tests\FilesToClip.Tests\FilesToClip.Tests.csproj", "{262D5185-DF36-45F5-911D-7545DFB2030A}"
EndProject
Project("{2150E333-8FDC-42A3-9474-1A3956D46DE8}") = "Solution Items", "Solution Items", "{ECCE0850-9EA1-435B-97EE-5B60AA5CC1FA}"
EndProject
Global
	GlobalSection(SolutionConfigurationPlatforms) = preSolution
		Debug|Any CPU = Debug|Any CPU
		Release|Any CPU = Release|Any CPU
	EndGlobalSection
	GlobalSection(ProjectConfigurationPlatforms) = postSolution
		{55E274B3-520D-4FBC-ADF4-DD89D119DCE5}.Debug|Any CPU.ActiveCfg = Debug|Any CPU
		{55E274B3-520D-4FBC-ADF4-DD89D119DCE5}.Debug|Any CPU.Build.0 = Debug|Any CPU
		{55E274B3-520D-4FBC-ADF4-DD89D119DCE5}.Release|Any CPU.ActiveCfg = Release|Any CPU
		{55E274B3-520D-4FBC-ADF4-DD89D119DCE5}.Release|Any CPU.Build.0 = Release|Any CPU
		{262D5185-DF36-45F5-911D-7545DFB2030A}.Debug|Any CPU.ActiveCfg = Debug|Any CPU
		{262D5185-DF36-45F5-911D-7545DFB2030A}.Debug|Any CPU.Build.0 = Debug|Any CPU
		{262D5185-DF36-45F5-911D-7545DFB2030A}.Release|Any CPU.ActiveCfg = Release|Any CPU
		{262D5185-DF36-45F5-911D-7545DFB2030A}.Release|Any CPU.Build.0 = Release|Any CPU
	EndGlobalSection
	GlobalSection(SolutionProperties) = preSolution
		HideSolutionNode = FALSE
	EndGlobalSection
	GlobalSection(NestedProjects) = preSolution
		{55E274B3-520D-4FBC-ADF4-DD89D119DCE5} = {87DC79F7-0D7D-4D85-97F4-130FD07E5A07}
		{262D5185-DF36-45F5-911D-7545DFB2030A} = {63FBE73F-3639-445D-A293-D41755D0C1AD}
	EndGlobalSection
EndGlobal
